
Microsoft Visual Studio Solution File, Format Version 12.00
# Visual Studio Version 16
VisualStudioVersion = 16.0.29806.167
MinimumVisualStudioVersion = 10.0.40219.1
Project("{FAE04EC0-301F-11D3-BF4B-00C04F79EFBC}") = "EX 6A C Manipulating Arrays", "EX 6A C Manipulating Arrays.csproj", "{CDBD0E26-0582-4BDE-9F6F-0B8AA053F591}"
EndProject
Global
	GlobalSection(SolutionConfigurationPlatforms) = preSolution
		Debug|Any CPU = Debug|Any CPU
		Release|Any CPU = Release|Any CPU
	EndGlobalSection
	GlobalSection(ProjectConfigurationPlatforms) = postSolution
		{CDBD0E26-0582-4BDE-9F6F-0B8AA053F591}.Debug|Any CPU.ActiveCfg = Debug|Any CPU
		{CDBD0E26-0582-4BDE-9F6F-0B8AA053F591}.Debug|Any CPU.Build.0 = Debug|Any CPU
		{CDBD0E26-0582-4BDE-9F6F-0B8AA053F591}.Release|Any CPU.ActiveCfg = Release|Any CPU
		{CDBD0E26-0582-4BDE-9F6F-0B8AA053F591}.Release|Any CPU.Build.0 = Release|Any CPU
	EndGlobalSection
	GlobalSection(SolutionProperties) = preSolution
		HideSolutionNode = FALSE
	EndGlobalSection
	GlobalSection(ExtensibilityGlobals) = postSolution
		SolutionGuid = {DB84A748-4C9D-42DE-88DC-868D4963DA99}
	EndGlobalSection
EndGlobal
